
Microsoft Visual Studio Solution File, Format Version 12.00
# Visual Studio 14
VisualStudioVersion = 14.0.25420.1
MinimumVisualStudioVersion = 10.0.40219.1
Project("{2150E333-8FDC-42A3-9474-1A3956D46DE8}") = "1.UI", "1.UI", "{49B19F05-A372-4DC2-A24B-47975A186212}"
EndProject
Project("{2150E333-8FDC-42A3-9474-1A3956D46DE8}") = "2.BLL", "2.BLL", "{58DD761E-12D3-4113-8EBE-32B3EB49F1CF}"
EndProject
Project("{2150E333-8FDC-42A3-9474-1A3956D46DE8}") = "3.DAL", "3.DAL", "{D6A89488-6B89-48F5-9E70-DB872825C86A}"
EndProject
Project("{FAE04EC0-301F-11D3-BF4B-00C04F79EFBC}") = "WSVeiculos-MVC", "WSVeiculos-MVC\WSVeiculos-MVC.csproj", "{F8A9CA32-AD57-41D5-B72D-A456EC83A09B}"
EndProject
Project("{2150E333-8FDC-42A3-9474-1A3956D46DE8}") = "4.DTO", "4.DTO", "{FD624082-8B99-4D4F-9EEF-B2046C14C8D5}"
EndProject
Project("{FAE04EC0-301F-11D3-BF4B-00C04F79EFBC}") = "WSVeiculos.BLL", "WSVeiculos.BLL\WSVeiculos.BLL.csproj", "{59CAB07D-6E41-4A62-8CBF-201A7CFF83E2}"
EndProject
Project("{FAE04EC0-301F-11D3-BF4B-00C04F79EFBC}") = "WSVeiculos.DAL", "WSVeiculos.DAL\WSVeiculos.DAL.csproj", "{4B2A299A-0AF7-4389-8133-06AD19FDF39A}"
EndProject
Project("{FAE04EC0-301F-11D3-BF4B-00C04F79EFBC}") = "WSVeiculos.DTO", "WSVeiculos.DTO\WSVeiculos.DTO.csproj", "{844E9C10-8813-4934-BC33-52EF13A798F0}"
EndProject
Global
	GlobalSection(SolutionConfigurationPlatforms) = preSolution
		Debug|Any CPU = Debug|Any CPU
		Release|Any CPU = Release|Any CPU
	EndGlobalSection
	GlobalSection(ProjectConfigurationPlatforms) = postSolution
		{F8A9CA32-AD57-41D5-B72D-A456EC83A09B}.Debug|Any CPU.ActiveCfg = Debug|Any CPU
		{F8A9CA32-AD57-41D5-B72D-A456EC83A09B}.Debug|Any CPU.Build.0 = Debug|Any CPU
		{F8A9CA32-AD57-41D5-B72D-A456EC83A09B}.Release|Any CPU.ActiveCfg = Release|Any CPU
		{F8A9CA32-AD57-41D5-B72D-A456EC83A09B}.Release|Any CPU.Build.0 = Release|Any CPU
		{59CAB07D-6E41-4A62-8CBF-201A7CFF83E2}.Debug|Any CPU.ActiveCfg = Debug|Any CPU
		{59CAB07D-6E41-4A62-8CBF-201A7CFF83E2}.Debug|Any CPU.Build.0 = Debug|Any CPU
		{59CAB07D-6E41-4A62-8CBF-201A7CFF83E2}.Release|Any CPU.ActiveCfg = Release|Any CPU
		{59CAB07D-6E41-4A62-8CBF-201A7CFF83E2}.Release|Any CPU.Build.0 = Release|Any CPU
		{4B2A299A-0AF7-4389-8133-06AD19FDF39A}.Debug|Any CPU.ActiveCfg = Debug|Any CPU
		{4B2A299A-0AF7-4389-8133-06AD19FDF39A}.Debug|Any CPU.Build.0 = Debug|Any CPU
		{4B2A299A-0AF7-4389-8133-06AD19FDF39A}.Release|Any CPU.ActiveCfg = Release|Any CPU
		{4B2A299A-0AF7-4389-8133-06AD19FDF39A}.Release|Any CPU.Build.0 = Release|Any CPU
		{844E9C10-8813-4934-BC33-52EF13A798F0}.Debug|Any CPU.ActiveCfg = Debug|Any CPU
		{844E9C10-8813-4934-BC33-52EF13A798F0}.Debug|Any CPU.Build.0 = Debug|Any CPU
		{844E9C10-8813-4934-BC33-52EF13A798F0}.Release|Any CPU.ActiveCfg = Release|Any CPU
		{844E9C10-8813-4934-BC33-52EF13A798F0}.Release|Any CPU.Build.0 = Release|Any CPU
	EndGlobalSection
	GlobalSection(SolutionProperties) = preSolution
		HideSolutionNode = FALSE
	EndGlobalSection
	GlobalSection(NestedProjects) = preSolution
		{F8A9CA32-AD57-41D5-B72D-A456EC83A09B} = {49B19F05-A372-4DC2-A24B-47975A186212}
		{59CAB07D-6E41-4A62-8CBF-201A7CFF83E2} = {58DD761E-12D3-4113-8EBE-32B3EB49F1CF}
		{4B2A299A-0AF7-4389-8133-06AD19FDF39A} = {D6A89488-6B89-48F5-9E70-DB872825C86A}
		{844E9C10-8813-4934-BC33-52EF13A798F0} = {FD624082-8B99-4D4F-9EEF-B2046C14C8D5}
	EndGlobalSection
EndGlobal
